{
  "name": "pimetaconnect",
  "version": "1.0.0",
  "lockfileVersion": 3,
  "requires": true,
  "packages": {
    "": {
      "name": "pimetaconnect",
      "version": "1.0.0",
      "dependencies": {
        "pi-sdk": "^0.0.16"
      },
      "devDependencies": {}
    },
    "node_modules/pi-contracts": {
      "version": "0.0.34",
      "resolved": "https://registry.npmjs.org/pi-contracts/-/pi-contracts-0.0.34.tgz",
      "integrity": "sha512-2gocLpAL4+tyu9hmLtbejN7aMFKttqWwJ6V511fe61+DsofBaNe2irw2FOAQKhgAPXsQF3KpK40f/FWu/OLViQ==",
      "license": "ISC"
    },
    "node_modules/pi-sdk": {
      "version": "0.0.16",
      "resolved": "https://registry.npmjs.org/pi-sdk/-/pi-sdk-0.0.16.tgz",
      "integrity": "sha512-xngL5wQgA7gYJ0ygCCIMeoCBy716fl1QiLYv8XZDowRo3ATwlZ+0AgtvNkW8SEg6TFcw41yzEjUzX2QxXFeMMw==",
      "license": "ISC",
      "dependencies": {
        "pi-contracts": "0.0.34"
      }
    }
  }
}
